{
  "version": 4,
  "terraform_version": "1.4.6",
  "serial": 9,
  "lineage": "ca2c7d71-a39e-4c25-35ec-a5f221bc8172",
  "outputs": {
    "resource_group_id": {
      "value": "/subscriptions/16068927-68d4-4daf-a3fb-44f468ef8cf7/resourceGroups/myrg1",
      "type": "string"
    },
    "resource_group_location": {
      "value": "eastus",
      "type": "string"
    },
    "resource_group_name": {
      "value": "myrg1",
      "type": "string"
    },
    "storage_account_id": {
      "value": "/subscriptions/16068927-68d4-4daf-a3fb-44f468ef8cf7/resourceGroups/myrg1/providers/Microsoft.Storage/storageAccounts/staticwebsiteajuclc",
      "type": "string"
    },
    "storage_account_name": {
      "value": "staticwebsiteajuclc",
      "type": "string"
    }
  },
  "resources": [
    {
      "mode": "managed",
      "type": "azurerm_resource_group",
      "name": "resource_group",
      "provider": "provider[\"registry.terraform.io/hashicorp/azurerm\"]",
      "instances": [
        {
          "schema_version": 0,
          "attributes": {
            "id": "/subscriptions/16068927-68d4-4daf-a3fb-44f468ef8cf7/resourceGroups/myrg1",
            "location": "eastus",
            "name": "myrg1",
            "tags": null,
            "timeouts": null
          },
          "sensitive_attributes": [],
          "private": "eyJlMmJmYjczMC1lY2FhLTExZTYtOGY4OC0zNDM2M2JjN2M0YzAiOnsiY3JlYXRlIjo1NDAwMDAwMDAwMDAwLCJkZWxldGUiOjU0MDAwMDAwMDAwMDAsInJlYWQiOjMwMDAwMDAwMDAwMCwidXBkYXRlIjo1NDAwMDAwMDAwMDAwfX0="
        }
      ]
    },
    {
      "mode": "managed",
      "type": "azurerm_storage_account",
      "name": "storage_account",
      "provider": "provider[\"registry.terraform.io/hashicorp/azurerm\"]",
      "instances": [
        {
          "schema_version": 3,
          "attributes": {
            "access_tier": "Hot",
            "account_kind": "StorageV2",
            "account_replication_type": "LRS",
            "account_tier": "Standard",
            "allow_nested_items_to_be_public": true,
            "allowed_copy_scope": "",
            "azure_files_authentication": [],
            "blob_properties": [
              {
                "change_feed_enabled": false,
                "change_feed_retention_in_days": 0,
                "container_delete_retention_policy": [],
                "cors_rule": [],
                "default_service_version": "",
                "delete_retention_policy": [],
                "last_access_time_enabled": false,
                "restore_policy": [],
                "versioning_enabled": false
              }
            ],
            "cross_tenant_replication_enabled": true,
            "custom_domain": [],
            "customer_managed_key": [],
            "default_to_oauth_authentication": false,
            "edge_zone": "",
            "enable_https_traffic_only": true,
            "id": "/subscriptions/16068927-68d4-4daf-a3fb-44f468ef8cf7/resourceGroups/myrg1/providers/Microsoft.Storage/storageAccounts/staticwebsiteajuclc",
            "identity": [],
            "immutability_policy": [],
            "infrastructure_encryption_enabled": false,
            "is_hns_enabled": false,
            "large_file_share_enabled": null,
            "location": "eastus",
            "min_tls_version": "TLS1_2",
            "name": "staticwebsiteajuclc",
            "network_rules": [
              {
                "bypass": [
                  "AzureServices"
                ],
                "default_action": "Allow",
                "ip_rules": [],
                "private_link_access": [],
                "virtual_network_subnet_ids": []
              }
            ],
            "nfsv3_enabled": false,
            "primary_access_key": "46gQB3n9CxeZBQw6hCSbEmzlNTqdFis0gnOXr9Z0mKaticGE+3fA9sC84x6DjHOLoC3YmKb6wi7M+AStyNQEeg==",
            "primary_blob_connection_string": "DefaultEndpointsProtocol=https;BlobEndpoint=https://staticwebsiteajuclc.blob.core.windows.net/;AccountName=staticwebsiteajuclc;AccountKey=46gQB3n9CxeZBQw6hCSbEmzlNTqdFis0gnOXr9Z0mKaticGE+3fA9sC84x6DjHOLoC3YmKb6wi7M+AStyNQEeg==",
            "primary_blob_endpoint": "https://staticwebsiteajuclc.blob.core.windows.net/",
            "primary_blob_host": "staticwebsiteajuclc.blob.core.windows.net",
            "primary_connection_string": "DefaultEndpointsProtocol=https;AccountName=staticwebsiteajuclc;AccountKey=46gQB3n9CxeZBQw6hCSbEmzlNTqdFis0gnOXr9Z0mKaticGE+3fA9sC84x6DjHOLoC3YmKb6wi7M+AStyNQEeg==;EndpointSuffix=core.windows.net",
            "primary_dfs_endpoint": "https://staticwebsiteajuclc.dfs.core.windows.net/",
            "primary_dfs_host": "staticwebsiteajuclc.dfs.core.windows.net",
            "primary_file_endpoint": "https://staticwebsiteajuclc.file.core.windows.net/",
            "primary_file_host": "staticwebsiteajuclc.file.core.windows.net",
            "primary_location": "eastus",
            "primary_queue_endpoint": "https://staticwebsiteajuclc.queue.core.windows.net/",
            "primary_queue_host": "staticwebsiteajuclc.queue.core.windows.net",
            "primary_table_endpoint": "https://staticwebsiteajuclc.table.core.windows.net/",
            "primary_table_host": "staticwebsiteajuclc.table.core.windows.net",
            "primary_web_endpoint": "https://staticwebsiteajuclc.z13.web.core.windows.net/",
            "primary_web_host": "staticwebsiteajuclc.z13.web.core.windows.net",
            "public_network_access_enabled": true,
            "queue_encryption_key_type": "Service",
            "queue_properties": [
              {
                "cors_rule": [],
                "hour_metrics": [
                  {
                    "enabled": true,
                    "include_apis": true,
                    "retention_policy_days": 7,
                    "version": "1.0"
                  }
                ],
                "logging": [
                  {
                    "delete": false,
                    "read": false,
                    "retention_policy_days": 0,
                    "version": "1.0",
                    "write": false
                  }
                ],
                "minute_metrics": [
                  {
                    "enabled": false,
                    "include_apis": false,
                    "retention_policy_days": 0,
                    "version": "1.0"
                  }
                ]
              }
            ],
            "resource_group_name": "myrg1",
            "routing": [],
            "sas_policy": [],
            "secondary_access_key": "F7kwFoBv4+73ruAbMT/Pgm+ZJM6D8RdD9Rm5as3AMRSQ0cDGissvONX9Ka+Ewp+JH94+VtcoZPeb+ASt7Lzzhg==",
            "secondary_blob_connection_string": "",
            "secondary_blob_endpoint": null,
            "secondary_blob_host": null,
            "secondary_connection_string": "DefaultEndpointsProtocol=https;AccountName=staticwebsiteajuclc;AccountKey=F7kwFoBv4+73ruAbMT/Pgm+ZJM6D8RdD9Rm5as3AMRSQ0cDGissvONX9Ka+Ewp+JH94+VtcoZPeb+ASt7Lzzhg==;EndpointSuffix=core.windows.net",
            "secondary_dfs_endpoint": null,
            "secondary_dfs_host": null,
            "secondary_file_endpoint": null,
            "secondary_file_host": null,
            "secondary_location": "",
            "secondary_queue_endpoint": null,
            "secondary_queue_host": null,
            "secondary_table_endpoint": null,
            "secondary_table_host": null,
            "secondary_web_endpoint": null,
            "secondary_web_host": null,
            "sftp_enabled": false,
            "share_properties": [
              {
                "cors_rule": [],
                "retention_policy": [
                  {
                    "days": 7
                  }
                ],
                "smb": []
              }
            ],
            "shared_access_key_enabled": true,
            "static_website": [
              {
                "error_404_document": "error.html",
                "index_document": "index.html"
              }
            ],
            "table_encryption_key_type": "Service",
            "tags": null,
            "timeouts": null
          },
          "sensitive_attributes": [],
          "private": "eyJlMmJmYjczMC1lY2FhLTExZTYtOGY4OC0zNDM2M2JjN2M0YzAiOnsiY3JlYXRlIjozNjAwMDAwMDAwMDAwLCJkZWxldGUiOjM2MDAwMDAwMDAwMDAsInJlYWQiOjMwMDAwMDAwMDAwMCwidXBkYXRlIjozNjAwMDAwMDAwMDAwfSwic2NoZW1hX3ZlcnNpb24iOiIzIn0=",
          "dependencies": [
            "azurerm_resource_group.resource_group",
            "random_string.myrandom"
          ]
        }
      ]
    },
    {
      "mode": "managed",
      "type": "random_string",
      "name": "myrandom",
      "provider": "provider[\"registry.terraform.io/hashicorp/random\"]",
      "instances": [
        {
          "schema_version": 2,
          "attributes": {
            "id": "ajuclc",
            "keepers": null,
            "length": 6,
            "lower": true,
            "min_lower": 0,
            "min_numeric": 0,
            "min_special": 0,
            "min_upper": 0,
            "number": false,
            "numeric": false,
            "override_special": null,
            "result": "ajuclc",
            "special": false,
            "upper": false
          },
          "sensitive_attributes": []
        }
      ]
    }
  ],
  "check_results": null
}
